// !$*UTF8*$!
{
	archiveVersion = 1;
	classes = {
	};
	objectVersion = 56;
	objects = {

/* Begin PBXBuildFile section */
		6913924829EB191A00C80BDB /* AppDelegate.swift in Sources */ = {isa = PBXBuildFile; fileRef = 6913924729EB191A00C80BDB /* AppDelegate.swift */; };
		6913924A29EB191A00C80BDB /* SceneDelegate.swift in Sources */ = {isa = PBXBuildFile; fileRef = 6913924929EB191A00C80BDB /* SceneDelegate.swift */; };
		6913925129EB191B00C80BDB /* Assets.xcassets in Resources */ = {isa = PBXBuildFile; fileRef = 6913925029EB191B00C80BDB /* Assets.xcassets */; };
		6913925429EB191B00C80BDB /* LaunchScreen.storyboard in Resources */ = {isa = PBXBuildFile; fileRef = 6913925229EB191B00C80BDB /* LaunchScreen.storyboard */; };
		6913926929EB1C2100C80BDB /* Pretendard-Regular.otf in Resources */ = {isa = PBXBuildFile; fileRef = 6913926529EB1C2100C80BDB /* Pretendard-Regular.otf */; };
		6913926A29EB1C2100C80BDB /* Pretendard-Bold.otf in Resources */ = {isa = PBXBuildFile; fileRef = 6913926629EB1C2100C80BDB /* Pretendard-Bold.otf */; };
		6913926B29EB1C2100C80BDB /* Pretendard-SemiBold.otf in Resources */ = {isa = PBXBuildFile; fileRef = 6913926729EB1C2100C80BDB /* Pretendard-SemiBold.otf */; };
		6913926C29EB1C2100C80BDB /* Pretendard-Medium.otf in Resources */ = {isa = PBXBuildFile; fileRef = 6913926829EB1C2100C80BDB /* Pretendard-Medium.otf */; };
		6913926E29EB1D0800C80BDB /* ColorLiterals.swift in Sources */ = {isa = PBXBuildFile; fileRef = 6913926D29EB1D0800C80BDB /* ColorLiterals.swift */; };
		6913927029EB1D4500C80BDB /* ImageLiterals.swift in Sources */ = {isa = PBXBuildFile; fileRef = 6913926F29EB1D4500C80BDB /* ImageLiterals.swift */; };
		6913927229EB1D5500C80BDB /* FontLiterals.swift in Sources */ = {isa = PBXBuildFile; fileRef = 6913927129EB1D5500C80BDB /* FontLiterals.swift */; };
		6913927429EB1D7700C80BDB /* MakeAlert.swift in Sources */ = {isa = PBXBuildFile; fileRef = 6913927329EB1D7700C80BDB /* MakeAlert.swift */; };
		6913927729EB1D9500C80BDB /* SnapKit in Frameworks */ = {isa = PBXBuildFile; productRef = 6913927629EB1D9500C80BDB /* SnapKit */; };
		6913927A29EB1EF200C80BDB /* Then in Frameworks */ = {isa = PBXBuildFile; productRef = 6913927929EB1EF200C80BDB /* Then */; };
		6913927C29EB1F7500C80BDB /* StringLiterals.swift in Sources */ = {isa = PBXBuildFile; fileRef = 6913927B29EB1F7500C80BDB /* StringLiterals.swift */; };
		6913927E29EB1F9900C80BDB /* UIView+.swift in Sources */ = {isa = PBXBuildFile; fileRef = 6913927D29EB1F9900C80BDB /* UIView+.swift */; };
		6913928029EB1FA500C80BDB /* UITextField+.swift in Sources */ = {isa = PBXBuildFile; fileRef = 6913927F29EB1FA500C80BDB /* UITextField+.swift */; };
		6913928229EB1FB800C80BDB /* UIButton+.swift in Sources */ = {isa = PBXBuildFile; fileRef = 6913928129EB1FB800C80BDB /* UIButton+.swift */; };
		6913928429EB1FD600C80BDB /* String+.swift in Sources */ = {isa = PBXBuildFile; fileRef = 6913928329EB1FD600C80BDB /* String+.swift */; };
		6913928629EB1FEA00C80BDB /* UIViewController+.swift in Sources */ = {isa = PBXBuildFile; fileRef = 6913928529EB1FEA00C80BDB /* UIViewController+.swift */; };
		6913928829EB204000C80BDB /* LoginViewController.swift in Sources */ = {isa = PBXBuildFile; fileRef = 6913928729EB204000C80BDB /* LoginViewController.swift */; };
		6913928A29EB205000C80BDB /* WelcomeViewController.swift in Sources */ = {isa = PBXBuildFile; fileRef = 6913928929EB205000C80BDB /* WelcomeViewController.swift */; };
		6913928C29EB206100C80BDB /* NickNameViewController.swift in Sources */ = {isa = PBXBuildFile; fileRef = 6913928B29EB206100C80BDB /* NickNameViewController.swift */; };
/* End PBXBuildFile section */

/* Begin PBXFileReference section */
		6913924429EB191A00C80BDB /* TVING_CloneCoding.app */ = {isa = PBXFileReference; explicitFileType = wrapper.application; includeInIndex = 0; path = TVING_CloneCoding.app; sourceTree = BUILT_PRODUCTS_DIR; };
		6913924729EB191A00C80BDB /* AppDelegate.swift */ = {isa = PBXFileReference; lastKnownFileType = sourcecode.swift; path = AppDelegate.swift; sourceTree = "<group>"; };
		6913924929EB191A00C80BDB /* SceneDelegate.swift */ = {isa = PBXFileReference; lastKnownFileType = sourcecode.swift; path = SceneDelegate.swift; sourceTree = "<group>"; };
		6913925029EB191B00C80BDB /* Assets.xcassets */ = {isa = PBXFileReference; lastKnownFileType = folder.assetcatalog; path = Assets.xcassets; sourceTree = "<group>"; };
		6913925329EB191B00C80BDB /* Base */ = {isa = PBXFileReference; lastKnownFileType = file.storyboard; name = Base; path = Base.lproj/LaunchScreen.storyboard; sourceTree = "<group>"; };
		6913925529EB191B00C80BDB /* Info.plist */ = {isa = PBXFileReference; lastKnownFileType = text.plist.xml; path = Info.plist; sourceTree = "<group>"; };
		6913926529EB1C2100C80BDB /* Pretendard-Regular.otf */ = {isa = PBXFileReference; lastKnownFileType = file; path = "Pretendard-Regular.otf"; sourceTree = "<group>"; };
		6913926629EB1C2100C80BDB /* Pretendard-Bold.otf */ = {isa = PBXFileReference; lastKnownFileType = file; path = "Pretendard-Bold.otf"; sourceTree = "<group>"; };
		6913926729EB1C2100C80BDB /* Pretendard-SemiBold.otf */ = {isa = PBXFileReference; lastKnownFileType = file; path = "Pretendard-SemiBold.otf"; sourceTree = "<group>"; };
		6913926829EB1C2100C80BDB /* Pretendard-Medium.otf */ = {isa = PBXFileReference; lastKnownFileType = file; path = "Pretendard-Medium.otf"; sourceTree = "<group>"; };
		6913926D29EB1D0800C80BDB /* ColorLiterals.swift */ = {isa = PBXFileReference; lastKnownFileType = sourcecode.swift; path = ColorLiterals.swift; sourceTree = "<group>"; };
		6913926F29EB1D4500C80BDB /* ImageLiterals.swift */ = {isa = PBXFileReference; lastKnownFileType = sourcecode.swift; path = ImageLiterals.swift; sourceTree = "<group>"; };
		6913927129EB1D5500C80BDB /* FontLiterals.swift */ = {isa = PBXFileReference; lastKnownFileType = sourcecode.swift; path = FontLiterals.swift; sourceTree = "<group>"; };
		6913927329EB1D7700C80BDB /* MakeAlert.swift */ = {isa = PBXFileReference; lastKnownFileType = sourcecode.swift; path = MakeAlert.swift; sourceTree = "<group>"; };
		6913927B29EB1F7500C80BDB /* StringLiterals.swift */ = {isa = PBXFileReference; lastKnownFileType = sourcecode.swift; path = StringLiterals.swift; sourceTree = "<group>"; };
		6913927D29EB1F9900C80BDB /* UIView+.swift */ = {isa = PBXFileReference; lastKnownFileType = sourcecode.swift; path = "UIView+.swift"; sourceTree = "<group>"; };
		6913927F29EB1FA500C80BDB /* UITextField+.swift */ = {isa = PBXFileReference; lastKnownFileType = sourcecode.swift; path = "UITextField+.swift"; sourceTree = "<group>"; };
		6913928129EB1FB800C80BDB /* UIButton+.swift */ = {isa = PBXFileReference; lastKnownFileType = sourcecode.swift; path = "UIButton+.swift"; sourceTree = "<group>"; };
		6913928329EB1FD600C80BDB /* String+.swift */ = {isa = PBXFileReference; lastKnownFileType = sourcecode.swift; path = "String+.swift"; sourceTree = "<group>"; };
		6913928529EB1FEA00C80BDB /* UIViewController+.swift */ = {isa = PBXFileReference; lastKnownFileType = sourcecode.swift; path = "UIViewController+.swift"; sourceTree = "<group>"; };
		6913928729EB204000C80BDB /* LoginViewController.swift */ = {isa = PBXFileReference; lastKnownFileType = sourcecode.swift; path = LoginViewController.swift; sourceTree = "<group>"; };
		6913928929EB205000C80BDB /* WelcomeViewController.swift */ = {isa = PBXFileReference; lastKnownFileType = sourcecode.swift; path = WelcomeViewController.swift; sourceTree = "<group>"; };
		6913928B29EB206100C80BDB /* NickNameViewController.swift */ = {isa = PBXFileReference; lastKnownFileType = sourcecode.swift; path = NickNameViewController.swift; sourceTree = "<group>"; };
/* End PBXFileReference section */

/* Begin PBXFrameworksBuildPhase section */
		6913924129EB191A00C80BDB /* Frameworks */ = {
			isa = PBXFrameworksBuildPhase;
			buildActionMask = 2147483647;
			files = (
				6913927729EB1D9500C80BDB /* SnapKit in Frameworks */,
				6913927A29EB1EF200C80BDB /* Then in Frameworks */,
			);
			runOnlyForDeploymentPostprocessing = 0;
		};
/* End PBXFrameworksBuildPhase section */

/* Begin PBXGroup section */
		6913923B29EB191A00C80BDB = {
			isa = PBXGroup;
			children = (
				6913924629EB191A00C80BDB /* TVING_CloneCoding */,
				6913924529EB191A00C80BDB /* Products */,
			);
			sourceTree = "<group>";
		};
		6913924529EB191A00C80BDB /* Products */ = {
			isa = PBXGroup;
			children = (
				6913924429EB191A00C80BDB /* TVING_CloneCoding.app */,
			);
			name = Products;
			sourceTree = "<group>";
		};
		6913924629EB191A00C80BDB /* TVING_CloneCoding */ = {
			isa = PBXGroup;
			children = (
				6913925B29EB19A100C80BDB /* Application */,
				6913925C29EB19B100C80BDB /* Global */,
				6913925E29EB19D800C80BDB /* Presentation */,
				6913925529EB191B00C80BDB /* Info.plist */,
			);
			path = TVING_CloneCoding;
			sourceTree = "<group>";
		};
		6913925B29EB19A100C80BDB /* Application */ = {
			isa = PBXGroup;
			children = (
				6913924729EB191A00C80BDB /* AppDelegate.swift */,
				6913924929EB191A00C80BDB /* SceneDelegate.swift */,
			);
			path = Application;
			sourceTree = "<group>";
		};
		6913925C29EB19B100C80BDB /* Global */ = {
			isa = PBXGroup;
			children = (
				6913925F29EB1A1800C80BDB /* SupportingFiles */,
				6913926029EB1A2700C80BDB /* Literals */,
				6913925D29EB19BF00C80BDB /* Resources */,
				6913926329EB1B5D00C80BDB /* Extension */,
			);
			path = Global;
			sourceTree = "<group>";
		};
		6913925D29EB19BF00C80BDB /* Resources */ = {
			isa = PBXGroup;
			children = (
				6913926229EB1B3800C80BDB /* Utils */,
				6913926129EB1A3B00C80BDB /* Fonts */,
				6913925029EB191B00C80BDB /* Assets.xcassets */,
			);
			path = Resources;
			sourceTree = "<group>";
		};
		6913925E29EB19D800C80BDB /* Presentation */ = {
			isa = PBXGroup;
			children = (
				6913926429EB1B7500C80BDB /* LoginScene */,
			);
			path = Presentation;
			sourceTree = "<group>";
		};
		6913925F29EB1A1800C80BDB /* SupportingFiles */ = {
			isa = PBXGroup;
			children = (
				6913925229EB191B00C80BDB /* LaunchScreen.storyboard */,
			);
			path = SupportingFiles;
			sourceTree = "<group>";
		};
		6913926029EB1A2700C80BDB /* Literals */ = {
			isa = PBXGroup;
			children = (
				6913926D29EB1D0800C80BDB /* ColorLiterals.swift */,
				6913926F29EB1D4500C80BDB /* ImageLiterals.swift */,
				6913927129EB1D5500C80BDB /* FontLiterals.swift */,
				6913927B29EB1F7500C80BDB /* StringLiterals.swift */,
			);
			path = Literals;
			sourceTree = "<group>";
		};
		6913926129EB1A3B00C80BDB /* Fonts */ = {
			isa = PBXGroup;
			children = (
				6913926629EB1C2100C80BDB /* Pretendard-Bold.otf */,
				6913926829EB1C2100C80BDB /* Pretendard-Medium.otf */,
				6913926529EB1C2100C80BDB /* Pretendard-Regular.otf */,
				6913926729EB1C2100C80BDB /* Pretendard-SemiBold.otf */,
			);
			path = Fonts;
			sourceTree = "<group>";
		};
		6913926229EB1B3800C80BDB /* Utils */ = {
			isa = PBXGroup;
			children = (
				6913927329EB1D7700C80BDB /* MakeAlert.swift */,
			);
			path = Utils;
			sourceTree = "<group>";
		};
		6913926329EB1B5D00C80BDB /* Extension */ = {
			isa = PBXGroup;
			children = (
				6913927D29EB1F9900C80BDB /* UIView+.swift */,
				6913927F29EB1FA500C80BDB /* UITextField+.swift */,
				6913928129EB1FB800C80BDB /* UIButton+.swift */,
				6913928329EB1FD600C80BDB /* String+.swift */,
				6913928529EB1FEA00C80BDB /* UIViewController+.swift */,
			);
			path = Extension;
			sourceTree = "<group>";
		};
		6913926429EB1B7500C80BDB /* LoginScene */ = {
			isa = PBXGroup;
			children = (
				6913928729EB204000C80BDB /* LoginViewController.swift */,
				6913928929EB205000C80BDB /* WelcomeViewController.swift */,
				6913928B29EB206100C80BDB /* NickNameViewController.swift */,
			);
			path = LoginScene;
			sourceTree = "<group>";
		};
/* End PBXGroup section */

/* Begin PBXNativeTarget section */
		6913924329EB191A00C80BDB /* TVING_CloneCoding */ = {
			isa = PBXNativeTarget;
			buildConfigurationList = 6913925829EB191B00C80BDB /* Build configuration list for PBXNativeTarget "TVING_CloneCoding" */;
			buildPhases = (
				6913924029EB191A00C80BDB /* Sources */,
				6913924129EB191A00C80BDB /* Frameworks */,
				6913924229EB191A00C80BDB /* Resources */,
			);
			buildRules = (
			);
			dependencies = (
			);
			name = TVING_CloneCoding;
			packageProductDependencies = (
				6913927629EB1D9500C80BDB /* SnapKit */,
				6913927929EB1EF200C80BDB /* Then */,
			);
			productName = TVING_CloneCoding;
			productReference = 6913924429EB191A00C80BDB /* TVING_CloneCoding.app */;
			productType = "com.apple.product-type.application";
		};
/* End PBXNativeTarget section */

/* Begin PBXProject section */
		6913923C29EB191A00C80BDB /* Project object */ = {
			isa = PBXProject;
			attributes = {
				BuildIndependentTargetsInParallel = 1;
				LastSwiftUpdateCheck = 1420;
				LastUpgradeCheck = 1420;
				TargetAttributes = {
					6913924329EB191A00C80BDB = {
						CreatedOnToolsVersion = 14.2;
					};
				};
			};
			buildConfigurationList = 6913923F29EB191A00C80BDB /* Build configuration list for PBXProject "TVING_CloneCoding" */;
			compatibilityVersion = "Xcode 14.0";
			developmentRegion = en;
			hasScannedForEncodings = 0;
			knownRegions = (
				en,
				Base,
			);
			mainGroup = 6913923B29EB191A00C80BDB;
			packageReferences = (
				6913927529EB1D9500C80BDB /* XCRemoteSwiftPackageReference "SnapKit" */,
				6913927829EB1EF200C80BDB /* XCRemoteSwiftPackageReference "Then" */,
			);
			productRefGroup = 6913924529EB191A00C80BDB /* Products */;
			projectDirPath = "";
			projectRoot = "";
			targets = (
				6913924329EB191A00C80BDB /* TVING_CloneCoding */,
			);
		};
/* End PBXProject section */

/* Begin PBXResourcesBuildPhase section */
		6913924229EB191A00C80BDB /* Resources */ = {
			isa = PBXResourcesBuildPhase;
			buildActionMask = 2147483647;
			files = (
				6913925429EB191B00C80BDB /* LaunchScreen.storyboard in Resources */,
				6913926A29EB1C2100C80BDB /* Pretendard-Bold.otf in Resources */,
				6913926B29EB1C2100C80BDB /* Pretendard-SemiBold.otf in Resources */,
				6913926929EB1C2100C80BDB /* Pretendard-Regular.otf in Resources */,
				6913925129EB191B00C80BDB /* Assets.xcassets in Resources */,
				6913926C29EB1C2100C80BDB /* Pretendard-Medium.otf in Resources */,
			);
			runOnlyForDeploymentPostprocessing = 0;
		};
/* End PBXResourcesBuildPhase section */

/* Begin PBXSourcesBuildPhase section */
		6913924029EB191A00C80BDB /* Sources */ = {
			isa = PBXSourcesBuildPhase;
			buildActionMask = 2147483647;
			files = (
				6913927429EB1D7700C80BDB /* MakeAlert.swift in Sources */,
				6913928229EB1FB800C80BDB /* UIButton+.swift in Sources */,
				6913928629EB1FEA00C80BDB /* UIViewController+.swift in Sources */,
				6913927229EB1D5500C80BDB /* FontLiterals.swift in Sources */,
				6913928029EB1FA500C80BDB /* UITextField+.swift in Sources */,
				6913924829EB191A00C80BDB /* AppDelegate.swift in Sources */,
				6913927029EB1D4500C80BDB /* ImageLiterals.swift in Sources */,
				6913927E29EB1F9900C80BDB /* UIView+.swift in Sources */,
				6913928429EB1FD600C80BDB /* String+.swift in Sources */,
				6913926E29EB1D0800C80BDB /* ColorLiterals.swift in Sources */,
				6913928C29EB206100C80BDB /* NickNameViewController.swift in Sources */,
				6913927C29EB1F7500C80BDB /* StringLiterals.swift in Sources */,
				6913928829EB204000C80BDB /* LoginViewController.swift in Sources */,
				6913924A29EB191A00C80BDB /* SceneDelegate.swift in Sources */,
				6913928A29EB205000C80BDB /* WelcomeViewController.swift in Sources */,
			);
			runOnlyForDeploymentPostprocessing = 0;
		};
/* End PBXSourcesBuildPhase section */

/* Begin PBXVariantGroup section */
		6913925229EB191B00C80BDB /* LaunchScreen.storyboard */ = {
			isa = PBXVariantGroup;
			children = (
				6913925329EB191B00C80BDB /* Base */,
			);
			name = LaunchScreen.storyboard;
			sourceTree = "<group>";
		};
/* End PBXVariantGroup section */

/* Begin XCBuildConfiguration section */
		6913925629EB191B00C80BDB /* Debug */ = {
			isa = XCBuildConfiguration;
			buildSettings = {
				ALWAYS_SEARCH_USER_PATHS = NO;
				CLANG_ANALYZER_NONNULL = YES;
				CLANG_ANALYZER_NUMBER_OBJECT_CONVERSION = YES_AGGRESSIVE;
				CLANG_CXX_LANGUAGE_STANDARD = "gnu++20";
				CLANG_ENABLE_MODULES = YES;
				CLANG_ENABLE_OBJC_ARC = YES;
				CLANG_ENABLE_OBJC_WEAK = YES;
				CLANG_WARN_BLOCK_CAPTURE_AUTORELEASING = YES;
				CLANG_WARN_BOOL_CONVERSION = YES;
				CLANG_WARN_COMMA = YES;
				CLANG_WARN_CONSTANT_CONVERSION = YES;
				CLANG_WARN_DEPRECATED_OBJC_IMPLEMENTATIONS = YES;
				CLANG_WARN_DIRECT_OBJC_ISA_USAGE = YES_ERROR;
				CLANG_WARN_DOCUMENTATION_COMMENTS = YES;
				CLANG_WARN_EMPTY_BODY = YES;
				CLANG_WARN_ENUM_CONVERSION = YES;
				CLANG_WARN_INFINITE_RECURSION = YES;
				CLANG_WARN_INT_CONVERSION = YES;
				CLANG_WARN_NON_LITERAL_NULL_CONVERSION = YES;
				CLANG_WARN_OBJC_IMPLICIT_RETAIN_SELF = YES;
				CLANG_WARN_OBJC_LITERAL_CONVERSION = YES;
				CLANG_WARN_OBJC_ROOT_CLASS = YES_ERROR;
				CLANG_WARN_QUOTED_INCLUDE_IN_FRAMEWORK_HEADER = YES;
				CLANG_WARN_RANGE_LOOP_ANALYSIS = YES;
				CLANG_WARN_STRICT_PROTOTYPES = YES;
				CLANG_WARN_SUSPICIOUS_MOVE = YES;
				CLANG_WARN_UNGUARDED_AVAILABILITY = YES_AGGRESSIVE;
				CLANG_WARN_UNREACHABLE_CODE = YES;
				CLANG_WARN__DUPLICATE_METHOD_MATCH = YES;
				COPY_PHASE_STRIP = NO;
				DEBUG_INFORMATION_FORMAT = dwarf;
				ENABLE_STRICT_OBJC_MSGSEND = YES;
				ENABLE_TESTABILITY = YES;
				GCC_C_LANGUAGE_STANDARD = gnu11;
				GCC_DYNAMIC_NO_PIC = NO;
				GCC_NO_COMMON_BLOCKS = YES;
				GCC_OPTIMIZATION_LEVEL = 0;
				GCC_PREPROCESSOR_DEFINITIONS = (
					"DEBUG=1",
					"$(inherited)",
				);
				GCC_WARN_64_TO_32_BIT_CONVERSION = YES;
				GCC_WARN_ABOUT_RETURN_TYPE = YES_ERROR;
				GCC_WARN_UNDECLARED_SELECTOR = YES;
				GCC_WARN_UNINITIALIZED_AUTOS = YES_AGGRESSIVE;
				GCC_WARN_UNUSED_FUNCTION = YES;
				GCC_WARN_UNUSED_VARIABLE = YES;
				IPHONEOS_DEPLOYMENT_TARGET = 16.2;
				MTL_ENABLE_DEBUG_INFO = INCLUDE_SOURCE;
				MTL_FAST_MATH = YES;
				ONLY_ACTIVE_ARCH = YES;
				SDKROOT = iphoneos;
				SWIFT_ACTIVE_COMPILATION_CONDITIONS = DEBUG;
				SWIFT_OPTIMIZATION_LEVEL = "-Onone";
			};
			name = Debug;
		};
		6913925729EB191B00C80BDB /* Release */ = {
			isa = XCBuildConfiguration;
			buildSettings = {
				ALWAYS_SEARCH_USER_PATHS = NO;
				CLANG_ANALYZER_NONNULL = YES;
				CLANG_ANALYZER_NUMBER_OBJECT_CONVERSION = YES_AGGRESSIVE;
				CLANG_CXX_LANGUAGE_STANDARD = "gnu++20";
				CLANG_ENABLE_MODULES = YES;
				CLANG_ENABLE_OBJC_ARC = YES;
				CLANG_ENABLE_OBJC_WEAK = YES;
				CLANG_WARN_BLOCK_CAPTURE_AUTORELEASING = YES;
				CLANG_WARN_BOOL_CONVERSION = YES;
				CLANG_WARN_COMMA = YES;
				CLANG_WARN_CONSTANT_CONVERSION = YES;
				CLANG_WARN_DEPRECATED_OBJC_IMPLEMENTATIONS = YES;
				CLANG_WARN_DIRECT_OBJC_ISA_USAGE = YES_ERROR;
				CLANG_WARN_DOCUMENTATION_COMMENTS = YES;
				CLANG_WARN_EMPTY_BODY = YES;
				CLANG_WARN_ENUM_CONVERSION = YES;
				CLANG_WARN_INFINITE_RECURSION = YES;
				CLANG_WARN_INT_CONVERSION = YES;
				CLANG_WARN_NON_LITERAL_NULL_CONVERSION = YES;
				CLANG_WARN_OBJC_IMPLICIT_RETAIN_SELF = YES;
				CLANG_WARN_OBJC_LITERAL_CONVERSION = YES;
				CLANG_WARN_OBJC_ROOT_CLASS = YES_ERROR;
				CLANG_WARN_QUOTED_INCLUDE_IN_FRAMEWORK_HEADER = YES;
				CLANG_WARN_RANGE_LOOP_ANALYSIS = YES;
				CLANG_WARN_STRICT_PROTOTYPES = YES;
				CLANG_WARN_SUSPICIOUS_MOVE = YES;
				CLANG_WARN_UNGUARDED_AVAILABILITY = YES_AGGRESSIVE;
				CLANG_WARN_UNREACHABLE_CODE = YES;
				CLANG_WARN__DUPLICATE_METHOD_MATCH = YES;
				COPY_PHASE_STRIP = NO;
				DEBUG_INFORMATION_FORMAT = "dwarf-with-dsym";
				ENABLE_NS_ASSERTIONS = NO;
				ENABLE_STRICT_OBJC_MSGSEND = YES;
				GCC_C_LANGUAGE_STANDARD = gnu11;
				GCC_NO_COMMON_BLOCKS = YES;
				GCC_WARN_64_TO_32_BIT_CONVERSION = YES;
				GCC_WARN_ABOUT_RETURN_TYPE = YES_ERROR;
				GCC_WARN_UNDECLARED_SELECTOR = YES;
				GCC_WARN_UNINITIALIZED_AUTOS = YES_AGGRESSIVE;
				GCC_WARN_UNUSED_FUNCTION = YES;
				GCC_WARN_UNUSED_VARIABLE = YES;
				IPHONEOS_DEPLOYMENT_TARGET = 16.2;
				MTL_ENABLE_DEBUG_INFO = NO;
				MTL_FAST_MATH = YES;
				SDKROOT = iphoneos;
				SWIFT_COMPILATION_MODE = wholemodule;
				SWIFT_OPTIMIZATION_LEVEL = "-O";
				VALIDATE_PRODUCT = YES;
			};
			name = Release;
		};
		6913925929EB191B00C80BDB /* Debug */ = {
			isa = XCBuildConfiguration;
			buildSettings = {
				ASSETCATALOG_COMPILER_APPICON_NAME = AppIcon;
				ASSETCATALOG_COMPILER_GLOBAL_ACCENT_COLOR_NAME = AccentColor;
				CODE_SIGN_STYLE = Automatic;
				CURRENT_PROJECT_VERSION = 1;
				DEVELOPMENT_TEAM = 9YCVZHNG67;
				GENERATE_INFOPLIST_FILE = YES;
				INFOPLIST_FILE = TVING_CloneCoding/Info.plist;
				INFOPLIST_KEY_UIApplicationSupportsIndirectInputEvents = YES;
				INFOPLIST_KEY_UILaunchStoryboardName = LaunchScreen;
				INFOPLIST_KEY_UIMainStoryboardFile = "";
				INFOPLIST_KEY_UISupportedInterfaceOrientations_iPad = "UIInterfaceOrientationPortrait UIInterfaceOrientationPortraitUpsideDown UIInterfaceOrientationLandscapeLeft UIInterfaceOrientationLandscapeRight";
				INFOPLIST_KEY_UISupportedInterfaceOrientations_iPhone = "UIInterfaceOrientationPortrait UIInterfaceOrientationLandscapeLeft UIInterfaceOrientationLandscapeRight";
				LD_RUNPATH_SEARCH_PATHS = (
					"$(inherited)",
					"@executable_path/Frameworks",
				);
				MARKETING_VERSION = 1.0;
				PRODUCT_BUNDLE_IDENTIFIER = "org.sopt.TVING-CloneCoding";
				PRODUCT_NAME = "$(TARGET_NAME)";
				SWIFT_EMIT_LOC_STRINGS = YES;
				SWIFT_VERSION = 5.0;
				TARGETED_DEVICE_FAMILY = "1,2";
			};
			name = Debug;
		};
		6913925A29EB191B00C80BDB /* Release */ = {
			isa = XCBuildConfiguration;
			buildSettings = {
				ASSETCATALOG_COMPILER_APPICON_NAME = AppIcon;
				ASSETCATALOG_COMPILER_GLOBAL_ACCENT_COLOR_NAME = AccentColor;
				CODE_SIGN_STYLE = Automatic;
				CURRENT_PROJECT_VERSION = 1;
				DEVELOPMENT_TEAM = 9YCVZHNG67;
				GENERATE_INFOPLIST_FILE = YES;
				INFOPLIST_FILE = TVING_CloneCoding/Info.plist;
				INFOPLIST_KEY_UIApplicationSupportsIndirectInputEvents = YES;
				INFOPLIST_KEY_UILaunchStoryboardName = LaunchScreen;
				INFOPLIST_KEY_UIMainStoryboardFile = "";
				INFOPLIST_KEY_UISupportedInterfaceOrientations_iPad = "UIInterfaceOrientationPortrait UIInterfaceOrientationPortraitUpsideDown UIInterfaceOrientationLandscapeLeft UIInterfaceOrientationLandscapeRight";
				INFOPLIST_KEY_UISupportedInterfaceOrientations_iPhone = "UIInterfaceOrientationPortrait UIInterfaceOrientationLandscapeLeft UIInterfaceOrientationLandscapeRight";
				LD_RUNPATH_SEARCH_PATHS = (
					"$(inherited)",
					"@executable_path/Frameworks",
				);
				MARKETING_VERSION = 1.0;
				PRODUCT_BUNDLE_IDENTIFIER = "org.sopt.TVING-CloneCoding";
				PRODUCT_NAME = "$(TARGET_NAME)";
				SWIFT_EMIT_LOC_STRINGS = YES;
				SWIFT_VERSION = 5.0;
				TARGETED_DEVICE_FAMILY = "1,2";
			};
			name = Release;
		};
/* End XCBuildConfiguration section */

/* Begin XCConfigurationList section */
		6913923F29EB191A00C80BDB /* Build configuration list for PBXProject "TVING_CloneCoding" */ = {
			isa = XCConfigurationList;
			buildConfigurations = (
				6913925629EB191B00C80BDB /* Debug */,
				6913925729EB191B00C80BDB /* Release */,
			);
			defaultConfigurationIsVisible = 0;
			defaultConfigurationName = Release;
		};
		6913925829EB191B00C80BDB /* Build configuration list for PBXNativeTarget "TVING_CloneCoding" */ = {
			isa = XCConfigurationList;
			buildConfigurations = (
				6913925929EB191B00C80BDB /* Debug */,
				6913925A29EB191B00C80BDB /* Release */,
			);
			defaultConfigurationIsVisible = 0;
			defaultConfigurationName = Release;
		};
/* End XCConfigurationList section */

/* Begin XCRemoteSwiftPackageReference section */
		6913927529EB1D9500C80BDB /* XCRemoteSwiftPackageReference "SnapKit" */ = {
			isa = XCRemoteSwiftPackageReference;
			repositoryURL = "https://github.com/SnapKit/SnapKit.git";
			requirement = {
				kind = upToNextMajorVersion;
				minimumVersion = 5.0.0;
			};
		};
		6913927829EB1EF200C80BDB /* XCRemoteSwiftPackageReference "Then" */ = {
			isa = XCRemoteSwiftPackageReference;
			repositoryURL = "https://github.com/devxoul/Then.git";
			requirement = {
				kind = upToNextMajorVersion;
				minimumVersion = 3.0.0;
			};
		};
/* End XCRemoteSwiftPackageReference section */

/* Begin XCSwiftPackageProductDependency section */
		6913927629EB1D9500C80BDB /* SnapKit */ = {
			isa = XCSwiftPackageProductDependency;
			package = 6913927529EB1D9500C80BDB /* XCRemoteSwiftPackageReference "SnapKit" */;
			productName = SnapKit;
		};
		6913927929EB1EF200C80BDB /* Then */ = {
			isa = XCSwiftPackageProductDependency;
			package = 6913927829EB1EF200C80BDB /* XCRemoteSwiftPackageReference "Then" */;
			productName = Then;
		};
/* End XCSwiftPackageProductDependency section */
	};
	rootObject = 6913923C29EB191A00C80BDB /* Project object */;
}
