// !$*UTF8*$!
{
	archiveVersion = 1;
	classes = {
	};
	objectVersion = 56;
	objects = {

/* Begin PBXBuildFile section */
		6913924829EB191A00C80BDB /* AppDelegate.swift in Sources */ = {isa = PBXBuildFile; fileRef = 6913924729EB191A00C80BDB /* AppDelegate.swift */; };
		6913924A29EB191A00C80BDB /* SceneDelegate.swift in Sources */ = {isa = PBXBuildFile; fileRef = 6913924929EB191A00C80BDB /* SceneDelegate.swift */; };
		6913925129EB191B00C80BDB /* Assets.xcassets in Resources */ = {isa = PBXBuildFile; fileRef = 6913925029EB191B00C80BDB /* Assets.xcassets */; };
		6913925429EB191B00C80BDB /* LaunchScreen.storyboard in Resources */ = {isa = PBXBuildFile; fileRef = 6913925229EB191B00C80BDB /* LaunchScreen.storyboard */; };
		6913926929EB1C2100C80BDB /* Pretendard-Regular.otf in Resources */ = {isa = PBXBuildFile; fileRef = 6913926529EB1C2100C80BDB /* Pretendard-Regular.otf */; };
		6913926A29EB1C2100C80BDB /* Pretendard-Bold.otf in Resources */ = {isa = PBXBuildFile; fileRef = 6913926629EB1C2100C80BDB /* Pretendard-Bold.otf */; };
		6913926B29EB1C2100C80BDB /* Pretendard-SemiBold.otf in Resources */ = {isa = PBXBuildFile; fileRef = 6913926729EB1C2100C80BDB /* Pretendard-SemiBold.otf */; };
		6913926C29EB1C2100C80BDB /* Pretendard-Medium.otf in Resources */ = {isa = PBXBuildFile; fileRef = 6913926829EB1C2100C80BDB /* Pretendard-Medium.otf */; };
		6913926E29EB1D0800C80BDB /* ColorLiterals.swift in Sources */ = {isa = PBXBuildFile; fileRef = 6913926D29EB1D0800C80BDB /* ColorLiterals.swift */; };
		6913927029EB1D4500C80BDB /* ImageLiterals.swift in Sources */ = {isa = PBXBuildFile; fileRef = 6913926F29EB1D4500C80BDB /* ImageLiterals.swift */; };
		6913927229EB1D5500C80BDB /* FontLiterals.swift in Sources */ = {isa = PBXBuildFile; fileRef = 6913927129EB1D5500C80BDB /* FontLiterals.swift */; };
		6913927429EB1D7700C80BDB /* MakeAlert.swift in Sources */ = {isa = PBXBuildFile; fileRef = 6913927329EB1D7700C80BDB /* MakeAlert.swift */; };
		6913927729EB1D9500C80BDB /* SnapKit in Frameworks */ = {isa = PBXBuildFile; productRef = 6913927629EB1D9500C80BDB /* SnapKit */; };
		6913927A29EB1EF200C80BDB /* Then in Frameworks */ = {isa = PBXBuildFile; productRef = 6913927929EB1EF200C80BDB /* Then */; };
		6913927C29EB1F7500C80BDB /* StringLiterals.swift in Sources */ = {isa = PBXBuildFile; fileRef = 6913927B29EB1F7500C80BDB /* StringLiterals.swift */; };
		6913927E29EB1F9900C80BDB /* UIView+.swift in Sources */ = {isa = PBXBuildFile; fileRef = 6913927D29EB1F9900C80BDB /* UIView+.swift */; };
		6913928029EB1FA500C80BDB /* UITextField+.swift in Sources */ = {isa = PBXBuildFile; fileRef = 6913927F29EB1FA500C80BDB /* UITextField+.swift */; };
		6913928229EB1FB800C80BDB /* UIButton+.swift in Sources */ = {isa = PBXBuildFile; fileRef = 6913928129EB1FB800C80BDB /* UIButton+.swift */; };
		6913928429EB1FD600C80BDB /* String+.swift in Sources */ = {isa = PBXBuildFile; fileRef = 6913928329EB1FD600C80BDB /* String+.swift */; };
		6913928629EB1FEA00C80BDB /* UIViewController+.swift in Sources */ = {isa = PBXBuildFile; fileRef = 6913928529EB1FEA00C80BDB /* UIViewController+.swift */; };
		6913928829EB204000C80BDB /* LoginViewController.swift in Sources */ = {isa = PBXBuildFile; fileRef = 6913928729EB204000C80BDB /* LoginViewController.swift */; };
		6913928A29EB205000C80BDB /* WelcomeViewController.swift in Sources */ = {isa = PBXBuildFile; fileRef = 6913928929EB205000C80BDB /* WelcomeViewController.swift */; };
		6913928C29EB206100C80BDB /* NickNameViewController.swift in Sources */ = {isa = PBXBuildFile; fileRef = 6913928B29EB206100C80BDB /* NickNameViewController.swift */; };
		6943804729F81EA20015E858 /* BaseViewController.swift in Sources */ = {isa = PBXBuildFile; fileRef = 6943804629F81EA20015E858 /* BaseViewController.swift */; };
		6943804929F8206D0015E858 /* BaseView.swift in Sources */ = {isa = PBXBuildFile; fileRef = 6943804829F8206D0015E858 /* BaseView.swift */; };
		6943804B29F820C40015E858 /* MyPageViewController.swift in Sources */ = {isa = PBXBuildFile; fileRef = 6943804A29F820C40015E858 /* MyPageViewController.swift */; };
		6943804D29F822AF0015E858 /* UIImage+.swift in Sources */ = {isa = PBXBuildFile; fileRef = 6943804C29F822AF0015E858 /* UIImage+.swift */; };
		6943805029F8268A0015E858 /* UITableViewRegisterable.swift in Sources */ = {isa = PBXBuildFile; fileRef = 6943804F29F8268A0015E858 /* UITableViewRegisterable.swift */; };
		6943805229F827320015E858 /* getClassName.swift in Sources */ = {isa = PBXBuildFile; fileRef = 6943805129F827320015E858 /* getClassName.swift */; };
		6943805429F834F80015E858 /* MyPageHeaderView.swift in Sources */ = {isa = PBXBuildFile; fileRef = 6943805329F834F80015E858 /* MyPageHeaderView.swift */; };
		6943805629F840D90015E858 /* UINavigationItem+.swift in Sources */ = {isa = PBXBuildFile; fileRef = 6943805529F840D90015E858 /* UINavigationItem+.swift */; };
		6943805829F8ED850015E858 /* MyPageTableViewCell.swift in Sources */ = {isa = PBXBuildFile; fileRef = 6943805729F8ED850015E858 /* MyPageTableViewCell.swift */; };
		6943805A29F8FC230015E858 /* MyPageFooterView.swift in Sources */ = {isa = PBXBuildFile; fileRef = 6943805929F8FC230015E858 /* MyPageFooterView.swift */; };
		6943805C29F913C00015E858 /* ProfileView.swift in Sources */ = {isa = PBXBuildFile; fileRef = 6943805B29F913C00015E858 /* ProfileView.swift */; };
		6943805E29F917480015E858 /* WalletView.swift in Sources */ = {isa = PBXBuildFile; fileRef = 6943805D29F917480015E858 /* WalletView.swift */; };
		6943806029F91A4A0015E858 /* UIStackView+.swift in Sources */ = {isa = PBXBuildFile; fileRef = 6943805F29F91A4A0015E858 /* UIStackView+.swift */; };
		698B388829FD6A8F0039FD0F /* MyPageTableView.swift in Sources */ = {isa = PBXBuildFile; fileRef = 698B388729FD6A8F0039FD0F /* MyPageTableView.swift */; };
		698B388C29FD73400039FD0F /* LineFooterView.swift in Sources */ = {isa = PBXBuildFile; fileRef = 698B388B29FD73400039FD0F /* LineFooterView.swift */; };
		698B389229FED2D90039FD0F /* HomeViewController.swift in Sources */ = {isa = PBXBuildFile; fileRef = 698B389129FED2D90039FD0F /* HomeViewController.swift */; };
		698B389529FED3D80039FD0F /* LiveCollectionViewCell.swift in Sources */ = {isa = PBXBuildFile; fileRef = 698B389429FED3D80039FD0F /* LiveCollectionViewCell.swift */; };
		698B389729FED4070039FD0F /* UICollectionViewRegisterable.swift in Sources */ = {isa = PBXBuildFile; fileRef = 698B389629FED4070039FD0F /* UICollectionViewRegisterable.swift */; };
		699CA8E729FC2A8900A694EC /* JoinView.swift in Sources */ = {isa = PBXBuildFile; fileRef = 699CA8E629FC2A8800A694EC /* JoinView.swift */; };
		699CA8E929FC2F8500A694EC /* UILabel+.swift in Sources */ = {isa = PBXBuildFile; fileRef = 699CA8E829FC2F8500A694EC /* UILabel+.swift */; };
		69AD42F62A09079A00B1715E /* Alamofire in Frameworks */ = {isa = PBXBuildFile; productRef = 69AD42F52A09079A00B1715E /* Alamofire */; };
		69AD42F92A09081A00B1715E /* Kingfisher in Frameworks */ = {isa = PBXBuildFile; productRef = 69AD42F82A09081A00B1715E /* Kingfisher */; };
		69D6E31429FEE1520036DE1B /* LiveDataModel.swift in Sources */ = {isa = PBXBuildFile; fileRef = 69D6E31329FEE1520036DE1B /* LiveDataModel.swift */; };
		69D6E31629FEE4B30036DE1B /* SeriesCollectionViewCell.swift in Sources */ = {isa = PBXBuildFile; fileRef = 69D6E31529FEE4B30036DE1B /* SeriesCollectionViewCell.swift */; };
		69D6E31829FEE69B0036DE1B /* SeriesDataModel.swift in Sources */ = {isa = PBXBuildFile; fileRef = 69D6E31729FEE69B0036DE1B /* SeriesDataModel.swift */; };
		69D6E31A29FEEBE10036DE1B /* SectionTitleCollectionReusableView.swift in Sources */ = {isa = PBXBuildFile; fileRef = 69D6E31929FEEBE10036DE1B /* SectionTitleCollectionReusableView.swift */; };
		69D6E31E29FFBF7E0036DE1B /* PosterCollectionViewCell.swift in Sources */ = {isa = PBXBuildFile; fileRef = 69D6E31D29FFBF7E0036DE1B /* PosterCollectionViewCell.swift */; };
		69D6E32029FFC33B0036DE1B /* PosterDataModel.swift in Sources */ = {isa = PBXBuildFile; fileRef = 69D6E31F29FFC33B0036DE1B /* PosterDataModel.swift */; };
		69D6E3242A0000AE0036DE1B /* HomeView.swift in Sources */ = {isa = PBXBuildFile; fileRef = 69D6E3232A0000AE0036DE1B /* HomeView.swift */; };
		69D6E3282A0036B60036DE1B /* PageControlCollectionReusableView.swift in Sources */ = {isa = PBXBuildFile; fileRef = 69D6E3272A0036B60036DE1B /* PageControlCollectionReusableView.swift */; };
		69D6E32A2A018B590036DE1B /* MainViewController.swift in Sources */ = {isa = PBXBuildFile; fileRef = 69D6E3292A018B590036DE1B /* MainViewController.swift */; };
		69D6E32C2A018C030036DE1B /* LiveViewController.swift in Sources */ = {isa = PBXBuildFile; fileRef = 69D6E32B2A018C030036DE1B /* LiveViewController.swift */; };
		69D6E32F2A018C330036DE1B /* TVProgramViewController.swift in Sources */ = {isa = PBXBuildFile; fileRef = 69D6E32E2A018C330036DE1B /* TVProgramViewController.swift */; };
		69D6E3312A018C4B0036DE1B /* MovieViewController.swift in Sources */ = {isa = PBXBuildFile; fileRef = 69D6E3302A018C4B0036DE1B /* MovieViewController.swift */; };
		69D6E3332A018C6B0036DE1B /* ParamountViewController.swift in Sources */ = {isa = PBXBuildFile; fileRef = 69D6E3322A018C6B0036DE1B /* ParamountViewController.swift */; };
		69D6E3352A018C7F0036DE1B /* KidsViewController.swift in Sources */ = {isa = PBXBuildFile; fileRef = 69D6E3342A018C7F0036DE1B /* KidsViewController.swift */; };
		69D6E3372A02D49A0036DE1B /* TvingNavigationView.swift in Sources */ = {isa = PBXBuildFile; fileRef = 69D6E3362A02D49A0036DE1B /* TvingNavigationView.swift */; };
		69D6E3392A02DC760036DE1B /* MenuCollectionViewCell.swift in Sources */ = {isa = PBXBuildFile; fileRef = 69D6E3382A02DC760036DE1B /* MenuCollectionViewCell.swift */; };
/* End PBXBuildFile section */

/* Begin PBXFileReference section */
		6913924429EB191A00C80BDB /* TVING_CloneCoding.app */ = {isa = PBXFileReference; explicitFileType = wrapper.application; includeInIndex = 0; path = TVING_CloneCoding.app; sourceTree = BUILT_PRODUCTS_DIR; };
		6913924729EB191A00C80BDB /* AppDelegate.swift */ = {isa = PBXFileReference; lastKnownFileType = sourcecode.swift; path = AppDelegate.swift; sourceTree = "<group>"; };
		6913924929EB191A00C80BDB /* SceneDelegate.swift */ = {isa = PBXFileReference; lastKnownFileType = sourcecode.swift; path = SceneDelegate.swift; sourceTree = "<group>"; };
		6913925029EB191B00C80BDB /* Assets.xcassets */ = {isa = PBXFileReference; lastKnownFileType = folder.assetcatalog; path = Assets.xcassets; sourceTree = "<group>"; };
		6913925329EB191B00C80BDB /* Base */ = {isa = PBXFileReference; lastKnownFileType = file.storyboard; name = Base; path = Base.lproj/LaunchScreen.storyboard; sourceTree = "<group>"; };
		6913925529EB191B00C80BDB /* Info.plist */ = {isa = PBXFileReference; lastKnownFileType = text.plist.xml; path = Info.plist; sourceTree = "<group>"; };
		6913926529EB1C2100C80BDB /* Pretendard-Regular.otf */ = {isa = PBXFileReference; lastKnownFileType = file; path = "Pretendard-Regular.otf"; sourceTree = "<group>"; };
		6913926629EB1C2100C80BDB /* Pretendard-Bold.otf */ = {isa = PBXFileReference; lastKnownFileType = file; path = "Pretendard-Bold.otf"; sourceTree = "<group>"; };
		6913926729EB1C2100C80BDB /* Pretendard-SemiBold.otf */ = {isa = PBXFileReference; lastKnownFileType = file; path = "Pretendard-SemiBold.otf"; sourceTree = "<group>"; };
		6913926829EB1C2100C80BDB /* Pretendard-Medium.otf */ = {isa = PBXFileReference; lastKnownFileType = file; path = "Pretendard-Medium.otf"; sourceTree = "<group>"; };
		6913926D29EB1D0800C80BDB /* ColorLiterals.swift */ = {isa = PBXFileReference; lastKnownFileType = sourcecode.swift; path = ColorLiterals.swift; sourceTree = "<group>"; };
		6913926F29EB1D4500C80BDB /* ImageLiterals.swift */ = {isa = PBXFileReference; lastKnownFileType = sourcecode.swift; path = ImageLiterals.swift; sourceTree = "<group>"; };
		6913927129EB1D5500C80BDB /* FontLiterals.swift */ = {isa = PBXFileReference; lastKnownFileType = sourcecode.swift; path = FontLiterals.swift; sourceTree = "<group>"; };
		6913927329EB1D7700C80BDB /* MakeAlert.swift */ = {isa = PBXFileReference; lastKnownFileType = sourcecode.swift; path = MakeAlert.swift; sourceTree = "<group>"; };
		6913927B29EB1F7500C80BDB /* StringLiterals.swift */ = {isa = PBXFileReference; lastKnownFileType = sourcecode.swift; path = StringLiterals.swift; sourceTree = "<group>"; };
		6913927D29EB1F9900C80BDB /* UIView+.swift */ = {isa = PBXFileReference; lastKnownFileType = sourcecode.swift; path = "UIView+.swift"; sourceTree = "<group>"; };
		6913927F29EB1FA500C80BDB /* UITextField+.swift */ = {isa = PBXFileReference; lastKnownFileType = sourcecode.swift; path = "UITextField+.swift"; sourceTree = "<group>"; };
		6913928129EB1FB800C80BDB /* UIButton+.swift */ = {isa = PBXFileReference; lastKnownFileType = sourcecode.swift; path = "UIButton+.swift"; sourceTree = "<group>"; };
		6913928329EB1FD600C80BDB /* String+.swift */ = {isa = PBXFileReference; lastKnownFileType = sourcecode.swift; path = "String+.swift"; sourceTree = "<group>"; };
		6913928529EB1FEA00C80BDB /* UIViewController+.swift */ = {isa = PBXFileReference; lastKnownFileType = sourcecode.swift; path = "UIViewController+.swift"; sourceTree = "<group>"; };
		6913928729EB204000C80BDB /* LoginViewController.swift */ = {isa = PBXFileReference; lastKnownFileType = sourcecode.swift; path = LoginViewController.swift; sourceTree = "<group>"; };
		6913928929EB205000C80BDB /* WelcomeViewController.swift */ = {isa = PBXFileReference; lastKnownFileType = sourcecode.swift; path = WelcomeViewController.swift; sourceTree = "<group>"; };
		6913928B29EB206100C80BDB /* NickNameViewController.swift */ = {isa = PBXFileReference; lastKnownFileType = sourcecode.swift; path = NickNameViewController.swift; sourceTree = "<group>"; };
		6943804629F81EA20015E858 /* BaseViewController.swift */ = {isa = PBXFileReference; lastKnownFileType = sourcecode.swift; path = BaseViewController.swift; sourceTree = "<group>"; };
		6943804829F8206D0015E858 /* BaseView.swift */ = {isa = PBXFileReference; lastKnownFileType = sourcecode.swift; path = BaseView.swift; sourceTree = "<group>"; };
		6943804A29F820C40015E858 /* MyPageViewController.swift */ = {isa = PBXFileReference; lastKnownFileType = sourcecode.swift; path = MyPageViewController.swift; sourceTree = "<group>"; };
		6943804C29F822AF0015E858 /* UIImage+.swift */ = {isa = PBXFileReference; lastKnownFileType = sourcecode.swift; path = "UIImage+.swift"; sourceTree = "<group>"; };
		6943804F29F8268A0015E858 /* UITableViewRegisterable.swift */ = {isa = PBXFileReference; lastKnownFileType = sourcecode.swift; path = UITableViewRegisterable.swift; sourceTree = "<group>"; };
		6943805129F827320015E858 /* getClassName.swift */ = {isa = PBXFileReference; lastKnownFileType = sourcecode.swift; path = getClassName.swift; sourceTree = "<group>"; };
		6943805329F834F80015E858 /* MyPageHeaderView.swift */ = {isa = PBXFileReference; lastKnownFileType = sourcecode.swift; path = MyPageHeaderView.swift; sourceTree = "<group>"; };
		6943805529F840D90015E858 /* UINavigationItem+.swift */ = {isa = PBXFileReference; lastKnownFileType = sourcecode.swift; path = "UINavigationItem+.swift"; sourceTree = "<group>"; };
		6943805729F8ED850015E858 /* MyPageTableViewCell.swift */ = {isa = PBXFileReference; lastKnownFileType = sourcecode.swift; path = MyPageTableViewCell.swift; sourceTree = "<group>"; };
		6943805929F8FC230015E858 /* MyPageFooterView.swift */ = {isa = PBXFileReference; lastKnownFileType = sourcecode.swift; path = MyPageFooterView.swift; sourceTree = "<group>"; };
		6943805B29F913C00015E858 /* ProfileView.swift */ = {isa = PBXFileReference; lastKnownFileType = sourcecode.swift; path = ProfileView.swift; sourceTree = "<group>"; };
		6943805D29F917480015E858 /* WalletView.swift */ = {isa = PBXFileReference; lastKnownFileType = sourcecode.swift; path = WalletView.swift; sourceTree = "<group>"; };
		6943805F29F91A4A0015E858 /* UIStackView+.swift */ = {isa = PBXFileReference; lastKnownFileType = sourcecode.swift; path = "UIStackView+.swift"; sourceTree = "<group>"; };
		698B388729FD6A8F0039FD0F /* MyPageTableView.swift */ = {isa = PBXFileReference; lastKnownFileType = sourcecode.swift; path = MyPageTableView.swift; sourceTree = "<group>"; };
		698B388B29FD73400039FD0F /* LineFooterView.swift */ = {isa = PBXFileReference; lastKnownFileType = sourcecode.swift; path = LineFooterView.swift; sourceTree = "<group>"; };
		698B389129FED2D90039FD0F /* HomeViewController.swift */ = {isa = PBXFileReference; lastKnownFileType = sourcecode.swift; path = HomeViewController.swift; sourceTree = "<group>"; };
		698B389429FED3D80039FD0F /* LiveCollectionViewCell.swift */ = {isa = PBXFileReference; lastKnownFileType = sourcecode.swift; path = LiveCollectionViewCell.swift; sourceTree = "<group>"; };
		698B389629FED4070039FD0F /* UICollectionViewRegisterable.swift */ = {isa = PBXFileReference; lastKnownFileType = sourcecode.swift; path = UICollectionViewRegisterable.swift; sourceTree = "<group>"; };
		699CA8E629FC2A8800A694EC /* JoinView.swift */ = {isa = PBXFileReference; lastKnownFileType = sourcecode.swift; path = JoinView.swift; sourceTree = "<group>"; };
		699CA8E829FC2F8500A694EC /* UILabel+.swift */ = {isa = PBXFileReference; lastKnownFileType = sourcecode.swift; path = "UILabel+.swift"; sourceTree = "<group>"; };
		69D6E31329FEE1520036DE1B /* LiveDataModel.swift */ = {isa = PBXFileReference; lastKnownFileType = sourcecode.swift; path = LiveDataModel.swift; sourceTree = "<group>"; };
		69D6E31529FEE4B30036DE1B /* SeriesCollectionViewCell.swift */ = {isa = PBXFileReference; lastKnownFileType = sourcecode.swift; path = SeriesCollectionViewCell.swift; sourceTree = "<group>"; };
		69D6E31729FEE69B0036DE1B /* SeriesDataModel.swift */ = {isa = PBXFileReference; lastKnownFileType = sourcecode.swift; path = SeriesDataModel.swift; sourceTree = "<group>"; };
		69D6E31929FEEBE10036DE1B /* SectionTitleCollectionReusableView.swift */ = {isa = PBXFileReference; lastKnownFileType = sourcecode.swift; path = SectionTitleCollectionReusableView.swift; sourceTree = "<group>"; };
		69D6E31D29FFBF7E0036DE1B /* PosterCollectionViewCell.swift */ = {isa = PBXFileReference; lastKnownFileType = sourcecode.swift; path = PosterCollectionViewCell.swift; sourceTree = "<group>"; };
		69D6E31F29FFC33B0036DE1B /* PosterDataModel.swift */ = {isa = PBXFileReference; lastKnownFileType = sourcecode.swift; path = PosterDataModel.swift; sourceTree = "<group>"; };
		69D6E3232A0000AE0036DE1B /* HomeView.swift */ = {isa = PBXFileReference; lastKnownFileType = sourcecode.swift; path = HomeView.swift; sourceTree = "<group>"; };
		69D6E3272A0036B60036DE1B /* PageControlCollectionReusableView.swift */ = {isa = PBXFileReference; lastKnownFileType = sourcecode.swift; path = PageControlCollectionReusableView.swift; sourceTree = "<group>"; };
		69D6E3292A018B590036DE1B /* MainViewController.swift */ = {isa = PBXFileReference; lastKnownFileType = sourcecode.swift; path = MainViewController.swift; sourceTree = "<group>"; };
		69D6E32B2A018C030036DE1B /* LiveViewController.swift */ = {isa = PBXFileReference; lastKnownFileType = sourcecode.swift; path = LiveViewController.swift; sourceTree = "<group>"; };
		69D6E32E2A018C330036DE1B /* TVProgramViewController.swift */ = {isa = PBXFileReference; lastKnownFileType = sourcecode.swift; path = TVProgramViewController.swift; sourceTree = "<group>"; };
		69D6E3302A018C4B0036DE1B /* MovieViewController.swift */ = {isa = PBXFileReference; lastKnownFileType = sourcecode.swift; path = MovieViewController.swift; sourceTree = "<group>"; };
		69D6E3322A018C6B0036DE1B /* ParamountViewController.swift */ = {isa = PBXFileReference; lastKnownFileType = sourcecode.swift; path = ParamountViewController.swift; sourceTree = "<group>"; };
		69D6E3342A018C7F0036DE1B /* KidsViewController.swift */ = {isa = PBXFileReference; lastKnownFileType = sourcecode.swift; path = KidsViewController.swift; sourceTree = "<group>"; };
		69D6E3362A02D49A0036DE1B /* TvingNavigationView.swift */ = {isa = PBXFileReference; lastKnownFileType = sourcecode.swift; path = TvingNavigationView.swift; sourceTree = "<group>"; };
		69D6E3382A02DC760036DE1B /* MenuCollectionViewCell.swift */ = {isa = PBXFileReference; lastKnownFileType = sourcecode.swift; path = MenuCollectionViewCell.swift; sourceTree = "<group>"; };
/* End PBXFileReference section */

/* Begin PBXFrameworksBuildPhase section */
		6913924129EB191A00C80BDB /* Frameworks */ = {
			isa = PBXFrameworksBuildPhase;
			buildActionMask = 2147483647;
			files = (
				69AD42F92A09081A00B1715E /* Kingfisher in Frameworks */,
				69AD42F62A09079A00B1715E /* Alamofire in Frameworks */,
				6913927729EB1D9500C80BDB /* SnapKit in Frameworks */,
				6913927A29EB1EF200C80BDB /* Then in Frameworks */,
			);
			runOnlyForDeploymentPostprocessing = 0;
		};
/* End PBXFrameworksBuildPhase section */

/* Begin PBXGroup section */
		6913923B29EB191A00C80BDB = {
			isa = PBXGroup;
			children = (
				6913924629EB191A00C80BDB /* TVING_CloneCoding */,
				6913924529EB191A00C80BDB /* Products */,
			);
			sourceTree = "<group>";
		};
		6913924529EB191A00C80BDB /* Products */ = {
			isa = PBXGroup;
			children = (
				6913924429EB191A00C80BDB /* TVING_CloneCoding.app */,
			);
			name = Products;
			sourceTree = "<group>";
		};
		6913924629EB191A00C80BDB /* TVING_CloneCoding */ = {
			isa = PBXGroup;
			children = (
				6913925B29EB19A100C80BDB /* Application */,
				6913925C29EB19B100C80BDB /* Global */,
				6913925E29EB19D800C80BDB /* Presentation */,
				6913925529EB191B00C80BDB /* Info.plist */,
			);
			path = TVING_CloneCoding;
			sourceTree = "<group>";
		};
		6913925B29EB19A100C80BDB /* Application */ = {
			isa = PBXGroup;
			children = (
				6913924729EB191A00C80BDB /* AppDelegate.swift */,
				6913924929EB191A00C80BDB /* SceneDelegate.swift */,
			);
			path = Application;
			sourceTree = "<group>";
		};
		6913925C29EB19B100C80BDB /* Global */ = {
			isa = PBXGroup;
			children = (
				6943804E29F826490015E858 /* Protocols */,
				6913925F29EB1A1800C80BDB /* SupportingFiles */,
				6913926029EB1A2700C80BDB /* Literals */,
				6913925D29EB19BF00C80BDB /* Resources */,
				6913926329EB1B5D00C80BDB /* Extension */,
			);
			path = Global;
			sourceTree = "<group>";
		};
		6913925D29EB19BF00C80BDB /* Resources */ = {
			isa = PBXGroup;
			children = (
				6913926229EB1B3800C80BDB /* Utils */,
				6913926129EB1A3B00C80BDB /* Fonts */,
				6913925029EB191B00C80BDB /* Assets.xcassets */,
			);
			path = Resources;
			sourceTree = "<group>";
		};
		6913925E29EB19D800C80BDB /* Presentation */ = {
			isa = PBXGroup;
			children = (
				6943804529F81E830015E858 /* Common */,
				698B388D29FED2870039FD0F /* MainScene */,
				6913926429EB1B7500C80BDB /* LoginScene */,
				6943804129F81D7F0015E858 /* MyPageScene */,
			);
			path = Presentation;
			sourceTree = "<group>";
		};
		6913925F29EB1A1800C80BDB /* SupportingFiles */ = {
			isa = PBXGroup;
			children = (
				6913925229EB191B00C80BDB /* LaunchScreen.storyboard */,
			);
			path = SupportingFiles;
			sourceTree = "<group>";
		};
		6913926029EB1A2700C80BDB /* Literals */ = {
			isa = PBXGroup;
			children = (
				6913926D29EB1D0800C80BDB /* ColorLiterals.swift */,
				6913926F29EB1D4500C80BDB /* ImageLiterals.swift */,
				6913927129EB1D5500C80BDB /* FontLiterals.swift */,
				6913927B29EB1F7500C80BDB /* StringLiterals.swift */,
			);
			path = Literals;
			sourceTree = "<group>";
		};
		6913926129EB1A3B00C80BDB /* Fonts */ = {
			isa = PBXGroup;
			children = (
				6913926629EB1C2100C80BDB /* Pretendard-Bold.otf */,
				6913926829EB1C2100C80BDB /* Pretendard-Medium.otf */,
				6913926529EB1C2100C80BDB /* Pretendard-Regular.otf */,
				6913926729EB1C2100C80BDB /* Pretendard-SemiBold.otf */,
			);
			path = Fonts;
			sourceTree = "<group>";
		};
		6913926229EB1B3800C80BDB /* Utils */ = {
			isa = PBXGroup;
			children = (
				6913927329EB1D7700C80BDB /* MakeAlert.swift */,
				6943805129F827320015E858 /* getClassName.swift */,
			);
			path = Utils;
			sourceTree = "<group>";
		};
		6913926329EB1B5D00C80BDB /* Extension */ = {
			isa = PBXGroup;
			children = (
				6913927D29EB1F9900C80BDB /* UIView+.swift */,
				6913927F29EB1FA500C80BDB /* UITextField+.swift */,
				6913928129EB1FB800C80BDB /* UIButton+.swift */,
				6913928329EB1FD600C80BDB /* String+.swift */,
				6913928529EB1FEA00C80BDB /* UIViewController+.swift */,
				6943804C29F822AF0015E858 /* UIImage+.swift */,
				6943805529F840D90015E858 /* UINavigationItem+.swift */,
				6943805F29F91A4A0015E858 /* UIStackView+.swift */,
				699CA8E829FC2F8500A694EC /* UILabel+.swift */,
			);
			path = Extension;
			sourceTree = "<group>";
		};
		6913926429EB1B7500C80BDB /* LoginScene */ = {
			isa = PBXGroup;
			children = (
				6913928729EB204000C80BDB /* LoginViewController.swift */,
				6913928929EB205000C80BDB /* WelcomeViewController.swift */,
				6913928B29EB206100C80BDB /* NickNameViewController.swift */,
			);
			path = LoginScene;
			sourceTree = "<group>";
		};
		6943804129F81D7F0015E858 /* MyPageScene */ = {
			isa = PBXGroup;
			children = (
				6943804329F81DF70015E858 /* VC */,
				6943804229F81D8F0015E858 /* Views */,
				6943804429F81DFF0015E858 /* Cell */,
			);
			path = MyPageScene;
			sourceTree = "<group>";
		};
		6943804229F81D8F0015E858 /* Views */ = {
			isa = PBXGroup;
			children = (
				6943805329F834F80015E858 /* MyPageHeaderView.swift */,
				6943805929F8FC230015E858 /* MyPageFooterView.swift */,
				6943805B29F913C00015E858 /* ProfileView.swift */,
				6943805D29F917480015E858 /* WalletView.swift */,
				699CA8E629FC2A8800A694EC /* JoinView.swift */,
				698B388729FD6A8F0039FD0F /* MyPageTableView.swift */,
				698B388B29FD73400039FD0F /* LineFooterView.swift */,
			);
			path = Views;
			sourceTree = "<group>";
		};
		6943804329F81DF70015E858 /* VC */ = {
			isa = PBXGroup;
			children = (
				6943804A29F820C40015E858 /* MyPageViewController.swift */,
			);
			path = VC;
			sourceTree = "<group>";
		};
		6943804429F81DFF0015E858 /* Cell */ = {
			isa = PBXGroup;
			children = (
				6943805729F8ED850015E858 /* MyPageTableViewCell.swift */,
			);
			path = Cell;
			sourceTree = "<group>";
		};
		6943804529F81E830015E858 /* Common */ = {
			isa = PBXGroup;
			children = (
				6943804829F8206D0015E858 /* BaseView.swift */,
				6943804629F81EA20015E858 /* BaseViewController.swift */,
			);
			path = Common;
			sourceTree = "<group>";
		};
		6943804E29F826490015E858 /* Protocols */ = {
			isa = PBXGroup;
			children = (
				6943804F29F8268A0015E858 /* UITableViewRegisterable.swift */,
				698B389629FED4070039FD0F /* UICollectionViewRegisterable.swift */,
			);
			path = Protocols;
			sourceTree = "<group>";
		};
		698B388D29FED2870039FD0F /* MainScene */ = {
			isa = PBXGroup;
			children = (
				698B388F29FED2A40039FD0F /* VC */,
				698B388E29FED2950039FD0F /* Views */,
				698B389029FED2AB0039FD0F /* Cell */,
				698B389329FED39F0039FD0F /* Model */,
			);
			path = MainScene;
			sourceTree = "<group>";
		};
		698B388E29FED2950039FD0F /* Views */ = {
			isa = PBXGroup;
			children = (
				69D6E31929FEEBE10036DE1B /* SectionTitleCollectionReusableView.swift */,
				69D6E3232A0000AE0036DE1B /* HomeView.swift */,
				69D6E3272A0036B60036DE1B /* PageControlCollectionReusableView.swift */,
				69D6E3362A02D49A0036DE1B /* TvingNavigationView.swift */,
			);
			path = Views;
			sourceTree = "<group>";
		};
		698B388F29FED2A40039FD0F /* VC */ = {
			isa = PBXGroup;
			children = (
				69D6E3292A018B590036DE1B /* MainViewController.swift */,
				69D6E32D2A018C060036DE1B /* Menu */,
			);
			path = VC;
			sourceTree = "<group>";
		};
		698B389029FED2AB0039FD0F /* Cell */ = {
			isa = PBXGroup;
			children = (
				698B389429FED3D80039FD0F /* LiveCollectionViewCell.swift */,
				69D6E31529FEE4B30036DE1B /* SeriesCollectionViewCell.swift */,
				69D6E31D29FFBF7E0036DE1B /* PosterCollectionViewCell.swift */,
				69D6E3382A02DC760036DE1B /* MenuCollectionViewCell.swift */,
			);
			path = Cell;
			sourceTree = "<group>";
		};
		698B389329FED39F0039FD0F /* Model */ = {
			isa = PBXGroup;
			children = (
				69D6E31329FEE1520036DE1B /* LiveDataModel.swift */,
				69D6E31729FEE69B0036DE1B /* SeriesDataModel.swift */,
				69D6E31F29FFC33B0036DE1B /* PosterDataModel.swift */,
			);
			path = Model;
			sourceTree = "<group>";
		};
		69D6E32D2A018C060036DE1B /* Menu */ = {
			isa = PBXGroup;
			children = (
				698B389129FED2D90039FD0F /* HomeViewController.swift */,
				69D6E32B2A018C030036DE1B /* LiveViewController.swift */,
				69D6E32E2A018C330036DE1B /* TVProgramViewController.swift */,
				69D6E3302A018C4B0036DE1B /* MovieViewController.swift */,
				69D6E3322A018C6B0036DE1B /* ParamountViewController.swift */,
				69D6E3342A018C7F0036DE1B /* KidsViewController.swift */,
			);
			path = Menu;
			sourceTree = "<group>";
		};
/* End PBXGroup section */

/* Begin PBXNativeTarget section */
		6913924329EB191A00C80BDB /* TVING_CloneCoding */ = {
			isa = PBXNativeTarget;
			buildConfigurationList = 6913925829EB191B00C80BDB /* Build configuration list for PBXNativeTarget "TVING_CloneCoding" */;
			buildPhases = (
				6913924029EB191A00C80BDB /* Sources */,
				6913924129EB191A00C80BDB /* Frameworks */,
				6913924229EB191A00C80BDB /* Resources */,
			);
			buildRules = (
			);
			dependencies = (
			);
			name = TVING_CloneCoding;
			packageProductDependencies = (
				6913927629EB1D9500C80BDB /* SnapKit */,
				6913927929EB1EF200C80BDB /* Then */,
				69AD42F52A09079A00B1715E /* Alamofire */,
				69AD42F82A09081A00B1715E /* Kingfisher */,
			);
			productName = TVING_CloneCoding;
			productReference = 6913924429EB191A00C80BDB /* TVING_CloneCoding.app */;
			productType = "com.apple.product-type.application";
		};
/* End PBXNativeTarget section */

/* Begin PBXProject section */
		6913923C29EB191A00C80BDB /* Project object */ = {
			isa = PBXProject;
			attributes = {
				BuildIndependentTargetsInParallel = 1;
				LastSwiftUpdateCheck = 1420;
				LastUpgradeCheck = 1420;
				TargetAttributes = {
					6913924329EB191A00C80BDB = {
						CreatedOnToolsVersion = 14.2;
					};
				};
			};
			buildConfigurationList = 6913923F29EB191A00C80BDB /* Build configuration list for PBXProject "TVING_CloneCoding" */;
			compatibilityVersion = "Xcode 14.0";
			developmentRegion = en;
			hasScannedForEncodings = 0;
			knownRegions = (
				en,
				Base,
			);
			mainGroup = 6913923B29EB191A00C80BDB;
			packageReferences = (
				6913927529EB1D9500C80BDB /* XCRemoteSwiftPackageReference "SnapKit" */,
				6913927829EB1EF200C80BDB /* XCRemoteSwiftPackageReference "Then" */,
				69AD42F42A09079A00B1715E /* XCRemoteSwiftPackageReference "Alamofire" */,
				69AD42F72A09081A00B1715E /* XCRemoteSwiftPackageReference "Kingfisher" */,
			);
			productRefGroup = 6913924529EB191A00C80BDB /* Products */;
			projectDirPath = "";
			projectRoot = "";
			targets = (
				6913924329EB191A00C80BDB /* TVING_CloneCoding */,
			);
		};
/* End PBXProject section */

/* Begin PBXResourcesBuildPhase section */
		6913924229EB191A00C80BDB /* Resources */ = {
			isa = PBXResourcesBuildPhase;
			buildActionMask = 2147483647;
			files = (
				6913925429EB191B00C80BDB /* LaunchScreen.storyboard in Resources */,
				6913926A29EB1C2100C80BDB /* Pretendard-Bold.otf in Resources */,
				6913926B29EB1C2100C80BDB /* Pretendard-SemiBold.otf in Resources */,
				6913926929EB1C2100C80BDB /* Pretendard-Regular.otf in Resources */,
				6913925129EB191B00C80BDB /* Assets.xcassets in Resources */,
				6913926C29EB1C2100C80BDB /* Pretendard-Medium.otf in Resources */,
			);
			runOnlyForDeploymentPostprocessing = 0;
		};
/* End PBXResourcesBuildPhase section */

/* Begin PBXSourcesBuildPhase section */
		6913924029EB191A00C80BDB /* Sources */ = {
			isa = PBXSourcesBuildPhase;
			buildActionMask = 2147483647;
			files = (
				6913927429EB1D7700C80BDB /* MakeAlert.swift in Sources */,
				698B388C29FD73400039FD0F /* LineFooterView.swift in Sources */,
				698B389729FED4070039FD0F /* UICollectionViewRegisterable.swift in Sources */,
				6943804B29F820C40015E858 /* MyPageViewController.swift in Sources */,
				69D6E31829FEE69B0036DE1B /* SeriesDataModel.swift in Sources */,
				6913928229EB1FB800C80BDB /* UIButton+.swift in Sources */,
				69D6E31429FEE1520036DE1B /* LiveDataModel.swift in Sources */,
				6913928629EB1FEA00C80BDB /* UIViewController+.swift in Sources */,
				6943804929F8206D0015E858 /* BaseView.swift in Sources */,
				69D6E32F2A018C330036DE1B /* TVProgramViewController.swift in Sources */,
				6913927229EB1D5500C80BDB /* FontLiterals.swift in Sources */,
				6943805E29F917480015E858 /* WalletView.swift in Sources */,
				6943806029F91A4A0015E858 /* UIStackView+.swift in Sources */,
				6943805429F834F80015E858 /* MyPageHeaderView.swift in Sources */,
				6913928029EB1FA500C80BDB /* UITextField+.swift in Sources */,
				69D6E3352A018C7F0036DE1B /* KidsViewController.swift in Sources */,
				69D6E3312A018C4B0036DE1B /* MovieViewController.swift in Sources */,
				6913924829EB191A00C80BDB /* AppDelegate.swift in Sources */,
				69D6E3242A0000AE0036DE1B /* HomeView.swift in Sources */,
				698B389229FED2D90039FD0F /* HomeViewController.swift in Sources */,
				6913927029EB1D4500C80BDB /* ImageLiterals.swift in Sources */,
				699CA8E929FC2F8500A694EC /* UILabel+.swift in Sources */,
				6943805829F8ED850015E858 /* MyPageTableViewCell.swift in Sources */,
				698B389529FED3D80039FD0F /* LiveCollectionViewCell.swift in Sources */,
				69D6E3372A02D49A0036DE1B /* TvingNavigationView.swift in Sources */,
				6913927E29EB1F9900C80BDB /* UIView+.swift in Sources */,
				69D6E3392A02DC760036DE1B /* MenuCollectionViewCell.swift in Sources */,
				6913928429EB1FD600C80BDB /* String+.swift in Sources */,
				69D6E32A2A018B590036DE1B /* MainViewController.swift in Sources */,
				6943805629F840D90015E858 /* UINavigationItem+.swift in Sources */,
				69D6E31A29FEEBE10036DE1B /* SectionTitleCollectionReusableView.swift in Sources */,
				6943805C29F913C00015E858 /* ProfileView.swift in Sources */,
				69D6E31629FEE4B30036DE1B /* SeriesCollectionViewCell.swift in Sources */,
				6913926E29EB1D0800C80BDB /* ColorLiterals.swift in Sources */,
				69D6E31E29FFBF7E0036DE1B /* PosterCollectionViewCell.swift in Sources */,
				6913928C29EB206100C80BDB /* NickNameViewController.swift in Sources */,
				6943805229F827320015E858 /* getClassName.swift in Sources */,
				699CA8E729FC2A8900A694EC /* JoinView.swift in Sources */,
				69D6E32029FFC33B0036DE1B /* PosterDataModel.swift in Sources */,
				69D6E32C2A018C030036DE1B /* LiveViewController.swift in Sources */,
				698B388829FD6A8F0039FD0F /* MyPageTableView.swift in Sources */,
				6913927C29EB1F7500C80BDB /* StringLiterals.swift in Sources */,
				6913928829EB204000C80BDB /* LoginViewController.swift in Sources */,
				6943805A29F8FC230015E858 /* MyPageFooterView.swift in Sources */,
				6943804729F81EA20015E858 /* BaseViewController.swift in Sources */,
				69D6E3282A0036B60036DE1B /* PageControlCollectionReusableView.swift in Sources */,
				6913924A29EB191A00C80BDB /* SceneDelegate.swift in Sources */,
				6913928A29EB205000C80BDB /* WelcomeViewController.swift in Sources */,
				6943805029F8268A0015E858 /* UITableViewRegisterable.swift in Sources */,
				69D6E3332A018C6B0036DE1B /* ParamountViewController.swift in Sources */,
				6943804D29F822AF0015E858 /* UIImage+.swift in Sources */,
			);
			runOnlyForDeploymentPostprocessing = 0;
		};
/* End PBXSourcesBuildPhase section */

/* Begin PBXVariantGroup section */
		6913925229EB191B00C80BDB /* LaunchScreen.storyboard */ = {
			isa = PBXVariantGroup;
			children = (
				6913925329EB191B00C80BDB /* Base */,
			);
			name = LaunchScreen.storyboard;
			sourceTree = "<group>";
		};
/* End PBXVariantGroup section */

/* Begin XCBuildConfiguration section */
		6913925629EB191B00C80BDB /* Debug */ = {
			isa = XCBuildConfiguration;
			buildSettings = {
				ALWAYS_SEARCH_USER_PATHS = NO;
				CLANG_ANALYZER_NONNULL = YES;
				CLANG_ANALYZER_NUMBER_OBJECT_CONVERSION = YES_AGGRESSIVE;
				CLANG_CXX_LANGUAGE_STANDARD = "gnu++20";
				CLANG_ENABLE_MODULES = YES;
				CLANG_ENABLE_OBJC_ARC = YES;
				CLANG_ENABLE_OBJC_WEAK = YES;
				CLANG_WARN_BLOCK_CAPTURE_AUTORELEASING = YES;
				CLANG_WARN_BOOL_CONVERSION = YES;
				CLANG_WARN_COMMA = YES;
				CLANG_WARN_CONSTANT_CONVERSION = YES;
				CLANG_WARN_DEPRECATED_OBJC_IMPLEMENTATIONS = YES;
				CLANG_WARN_DIRECT_OBJC_ISA_USAGE = YES_ERROR;
				CLANG_WARN_DOCUMENTATION_COMMENTS = YES;
				CLANG_WARN_EMPTY_BODY = YES;
				CLANG_WARN_ENUM_CONVERSION = YES;
				CLANG_WARN_INFINITE_RECURSION = YES;
				CLANG_WARN_INT_CONVERSION = YES;
				CLANG_WARN_NON_LITERAL_NULL_CONVERSION = YES;
				CLANG_WARN_OBJC_IMPLICIT_RETAIN_SELF = YES;
				CLANG_WARN_OBJC_LITERAL_CONVERSION = YES;
				CLANG_WARN_OBJC_ROOT_CLASS = YES_ERROR;
				CLANG_WARN_QUOTED_INCLUDE_IN_FRAMEWORK_HEADER = YES;
				CLANG_WARN_RANGE_LOOP_ANALYSIS = YES;
				CLANG_WARN_STRICT_PROTOTYPES = YES;
				CLANG_WARN_SUSPICIOUS_MOVE = YES;
				CLANG_WARN_UNGUARDED_AVAILABILITY = YES_AGGRESSIVE;
				CLANG_WARN_UNREACHABLE_CODE = YES;
				CLANG_WARN__DUPLICATE_METHOD_MATCH = YES;
				COPY_PHASE_STRIP = NO;
				DEBUG_INFORMATION_FORMAT = dwarf;
				ENABLE_STRICT_OBJC_MSGSEND = YES;
				ENABLE_TESTABILITY = YES;
				GCC_C_LANGUAGE_STANDARD = gnu11;
				GCC_DYNAMIC_NO_PIC = NO;
				GCC_NO_COMMON_BLOCKS = YES;
				GCC_OPTIMIZATION_LEVEL = 0;
				GCC_PREPROCESSOR_DEFINITIONS = (
					"DEBUG=1",
					"$(inherited)",
				);
				GCC_WARN_64_TO_32_BIT_CONVERSION = YES;
				GCC_WARN_ABOUT_RETURN_TYPE = YES_ERROR;
				GCC_WARN_UNDECLARED_SELECTOR = YES;
				GCC_WARN_UNINITIALIZED_AUTOS = YES_AGGRESSIVE;
				GCC_WARN_UNUSED_FUNCTION = YES;
				GCC_WARN_UNUSED_VARIABLE = YES;
				IPHONEOS_DEPLOYMENT_TARGET = 16.2;
				MTL_ENABLE_DEBUG_INFO = INCLUDE_SOURCE;
				MTL_FAST_MATH = YES;
				ONLY_ACTIVE_ARCH = YES;
				SDKROOT = iphoneos;
				SWIFT_ACTIVE_COMPILATION_CONDITIONS = DEBUG;
				SWIFT_OPTIMIZATION_LEVEL = "-Onone";
			};
			name = Debug;
		};
		6913925729EB191B00C80BDB /* Release */ = {
			isa = XCBuildConfiguration;
			buildSettings = {
				ALWAYS_SEARCH_USER_PATHS = NO;
				CLANG_ANALYZER_NONNULL = YES;
				CLANG_ANALYZER_NUMBER_OBJECT_CONVERSION = YES_AGGRESSIVE;
				CLANG_CXX_LANGUAGE_STANDARD = "gnu++20";
				CLANG_ENABLE_MODULES = YES;
				CLANG_ENABLE_OBJC_ARC = YES;
				CLANG_ENABLE_OBJC_WEAK = YES;
				CLANG_WARN_BLOCK_CAPTURE_AUTORELEASING = YES;
				CLANG_WARN_BOOL_CONVERSION = YES;
				CLANG_WARN_COMMA = YES;
				CLANG_WARN_CONSTANT_CONVERSION = YES;
				CLANG_WARN_DEPRECATED_OBJC_IMPLEMENTATIONS = YES;
				CLANG_WARN_DIRECT_OBJC_ISA_USAGE = YES_ERROR;
				CLANG_WARN_DOCUMENTATION_COMMENTS = YES;
				CLANG_WARN_EMPTY_BODY = YES;
				CLANG_WARN_ENUM_CONVERSION = YES;
				CLANG_WARN_INFINITE_RECURSION = YES;
				CLANG_WARN_INT_CONVERSION = YES;
				CLANG_WARN_NON_LITERAL_NULL_CONVERSION = YES;
				CLANG_WARN_OBJC_IMPLICIT_RETAIN_SELF = YES;
				CLANG_WARN_OBJC_LITERAL_CONVERSION = YES;
				CLANG_WARN_OBJC_ROOT_CLASS = YES_ERROR;
				CLANG_WARN_QUOTED_INCLUDE_IN_FRAMEWORK_HEADER = YES;
				CLANG_WARN_RANGE_LOOP_ANALYSIS = YES;
				CLANG_WARN_STRICT_PROTOTYPES = YES;
				CLANG_WARN_SUSPICIOUS_MOVE = YES;
				CLANG_WARN_UNGUARDED_AVAILABILITY = YES_AGGRESSIVE;
				CLANG_WARN_UNREACHABLE_CODE = YES;
				CLANG_WARN__DUPLICATE_METHOD_MATCH = YES;
				COPY_PHASE_STRIP = NO;
				DEBUG_INFORMATION_FORMAT = "dwarf-with-dsym";
				ENABLE_NS_ASSERTIONS = NO;
				ENABLE_STRICT_OBJC_MSGSEND = YES;
				GCC_C_LANGUAGE_STANDARD = gnu11;
				GCC_NO_COMMON_BLOCKS = YES;
				GCC_WARN_64_TO_32_BIT_CONVERSION = YES;
				GCC_WARN_ABOUT_RETURN_TYPE = YES_ERROR;
				GCC_WARN_UNDECLARED_SELECTOR = YES;
				GCC_WARN_UNINITIALIZED_AUTOS = YES_AGGRESSIVE;
				GCC_WARN_UNUSED_FUNCTION = YES;
				GCC_WARN_UNUSED_VARIABLE = YES;
				IPHONEOS_DEPLOYMENT_TARGET = 16.2;
				MTL_ENABLE_DEBUG_INFO = NO;
				MTL_FAST_MATH = YES;
				SDKROOT = iphoneos;
				SWIFT_COMPILATION_MODE = wholemodule;
				SWIFT_OPTIMIZATION_LEVEL = "-O";
				VALIDATE_PRODUCT = YES;
			};
			name = Release;
		};
		6913925929EB191B00C80BDB /* Debug */ = {
			isa = XCBuildConfiguration;
			buildSettings = {
				ASSETCATALOG_COMPILER_APPICON_NAME = AppIcon;
				ASSETCATALOG_COMPILER_GLOBAL_ACCENT_COLOR_NAME = AccentColor;
				CODE_SIGN_STYLE = Automatic;
				CURRENT_PROJECT_VERSION = 1;
				DEVELOPMENT_TEAM = 9YCVZHNG67;
				GENERATE_INFOPLIST_FILE = YES;
				INFOPLIST_FILE = TVING_CloneCoding/Info.plist;
				INFOPLIST_KEY_UIApplicationSupportsIndirectInputEvents = YES;
				INFOPLIST_KEY_UILaunchStoryboardName = LaunchScreen;
				INFOPLIST_KEY_UIMainStoryboardFile = "";
				INFOPLIST_KEY_UISupportedInterfaceOrientations_iPad = "UIInterfaceOrientationPortrait UIInterfaceOrientationPortraitUpsideDown UIInterfaceOrientationLandscapeLeft UIInterfaceOrientationLandscapeRight";
				INFOPLIST_KEY_UISupportedInterfaceOrientations_iPhone = "UIInterfaceOrientationPortrait UIInterfaceOrientationLandscapeLeft UIInterfaceOrientationLandscapeRight";
				LD_RUNPATH_SEARCH_PATHS = (
					"$(inherited)",
					"@executable_path/Frameworks",
				);
				MARKETING_VERSION = 1.0;
				PRODUCT_BUNDLE_IDENTIFIER = "org.sopt.TVING-CloneCoding";
				PRODUCT_NAME = "$(TARGET_NAME)";
				SWIFT_EMIT_LOC_STRINGS = YES;
				SWIFT_VERSION = 5.0;
				TARGETED_DEVICE_FAMILY = "1,2";
			};
			name = Debug;
		};
		6913925A29EB191B00C80BDB /* Release */ = {
			isa = XCBuildConfiguration;
			buildSettings = {
				ASSETCATALOG_COMPILER_APPICON_NAME = AppIcon;
				ASSETCATALOG_COMPILER_GLOBAL_ACCENT_COLOR_NAME = AccentColor;
				CODE_SIGN_STYLE = Automatic;
				CURRENT_PROJECT_VERSION = 1;
				DEVELOPMENT_TEAM = 9YCVZHNG67;
				GENERATE_INFOPLIST_FILE = YES;
				INFOPLIST_FILE = TVING_CloneCoding/Info.plist;
				INFOPLIST_KEY_UIApplicationSupportsIndirectInputEvents = YES;
				INFOPLIST_KEY_UILaunchStoryboardName = LaunchScreen;
				INFOPLIST_KEY_UIMainStoryboardFile = "";
				INFOPLIST_KEY_UISupportedInterfaceOrientations_iPad = "UIInterfaceOrientationPortrait UIInterfaceOrientationPortraitUpsideDown UIInterfaceOrientationLandscapeLeft UIInterfaceOrientationLandscapeRight";
				INFOPLIST_KEY_UISupportedInterfaceOrientations_iPhone = "UIInterfaceOrientationPortrait UIInterfaceOrientationLandscapeLeft UIInterfaceOrientationLandscapeRight";
				LD_RUNPATH_SEARCH_PATHS = (
					"$(inherited)",
					"@executable_path/Frameworks",
				);
				MARKETING_VERSION = 1.0;
				PRODUCT_BUNDLE_IDENTIFIER = "org.sopt.TVING-CloneCoding";
				PRODUCT_NAME = "$(TARGET_NAME)";
				SWIFT_EMIT_LOC_STRINGS = YES;
				SWIFT_VERSION = 5.0;
				TARGETED_DEVICE_FAMILY = "1,2";
			};
			name = Release;
		};
/* End XCBuildConfiguration section */

/* Begin XCConfigurationList section */
		6913923F29EB191A00C80BDB /* Build configuration list for PBXProject "TVING_CloneCoding" */ = {
			isa = XCConfigurationList;
			buildConfigurations = (
				6913925629EB191B00C80BDB /* Debug */,
				6913925729EB191B00C80BDB /* Release */,
			);
			defaultConfigurationIsVisible = 0;
			defaultConfigurationName = Release;
		};
		6913925829EB191B00C80BDB /* Build configuration list for PBXNativeTarget "TVING_CloneCoding" */ = {
			isa = XCConfigurationList;
			buildConfigurations = (
				6913925929EB191B00C80BDB /* Debug */,
				6913925A29EB191B00C80BDB /* Release */,
			);
			defaultConfigurationIsVisible = 0;
			defaultConfigurationName = Release;
		};
/* End XCConfigurationList section */

/* Begin XCRemoteSwiftPackageReference section */
		6913927529EB1D9500C80BDB /* XCRemoteSwiftPackageReference "SnapKit" */ = {
			isa = XCRemoteSwiftPackageReference;
			repositoryURL = "https://github.com/SnapKit/SnapKit.git";
			requirement = {
				kind = upToNextMajorVersion;
				minimumVersion = 5.0.0;
			};
		};
		6913927829EB1EF200C80BDB /* XCRemoteSwiftPackageReference "Then" */ = {
			isa = XCRemoteSwiftPackageReference;
			repositoryURL = "https://github.com/devxoul/Then.git";
			requirement = {
				kind = upToNextMajorVersion;
				minimumVersion = 3.0.0;
			};
		};
		69AD42F42A09079A00B1715E /* XCRemoteSwiftPackageReference "Alamofire" */ = {
			isa = XCRemoteSwiftPackageReference;
			repositoryURL = "https://github.com/Alamofire/Alamofire";
			requirement = {
				kind = upToNextMajorVersion;
				minimumVersion = 5.0.0;
			};
		};
		69AD42F72A09081A00B1715E /* XCRemoteSwiftPackageReference "Kingfisher" */ = {
			isa = XCRemoteSwiftPackageReference;
			repositoryURL = "https://github.com/onevcat/Kingfisher";
			requirement = {
				kind = upToNextMajorVersion;
				minimumVersion = 7.0.0;
			};
		};
/* End XCRemoteSwiftPackageReference section */

/* Begin XCSwiftPackageProductDependency section */
		6913927629EB1D9500C80BDB /* SnapKit */ = {
			isa = XCSwiftPackageProductDependency;
			package = 6913927529EB1D9500C80BDB /* XCRemoteSwiftPackageReference "SnapKit" */;
			productName = SnapKit;
		};
		6913927929EB1EF200C80BDB /* Then */ = {
			isa = XCSwiftPackageProductDependency;
			package = 6913927829EB1EF200C80BDB /* XCRemoteSwiftPackageReference "Then" */;
			productName = Then;
		};
		69AD42F52A09079A00B1715E /* Alamofire */ = {
			isa = XCSwiftPackageProductDependency;
			package = 69AD42F42A09079A00B1715E /* XCRemoteSwiftPackageReference "Alamofire" */;
			productName = Alamofire;
		};
		69AD42F82A09081A00B1715E /* Kingfisher */ = {
			isa = XCSwiftPackageProductDependency;
			package = 69AD42F72A09081A00B1715E /* XCRemoteSwiftPackageReference "Kingfisher" */;
			productName = Kingfisher;
		};
/* End XCSwiftPackageProductDependency section */
	};
	rootObject = 6913923C29EB191A00C80BDB /* Project object */;
}
